
Microsoft Visual Studio Solution File, Format Version 12.00
# Visual Studio Version 17
VisualStudioVersion = 17.12.35728.132 d17.12
MinimumVisualStudioVersion = 10.0.40219.1
Project("{FAE04EC0-301F-11D3-BF4B-00C04F79EFBC}") = "PP_22-02-25_NUnit", "PP_22-02-25_NUnit\PP_22-02-25_NUnit.csproj", "{D2022BCE-01DC-49D7-83CB-934E0C5BB77F}"
EndProject
Project("{FAE04EC0-301F-11D3-BF4B-00C04F79EFBC}") = "UnitTests", "CalculatorTest\UnitTests.csproj", "{40A1C821-8952-4BC3-AE87-C04AC1E3C956}"
EndProject
Global
	GlobalSection(SolutionConfigurationPlatforms) = preSolution
		Debug|Any CPU = Debug|Any CPU
		Release|Any CPU = Release|Any CPU
	EndGlobalSection
	GlobalSection(ProjectConfigurationPlatforms) = postSolution
		{D2022BCE-01DC-49D7-83CB-934E0C5BB77F}.Debug|Any CPU.ActiveCfg = Debug|Any CPU
		{D2022BCE-01DC-49D7-83CB-934E0C5BB77F}.Debug|Any CPU.Build.0 = Debug|Any CPU
		{D2022BCE-01DC-49D7-83CB-934E0C5BB77F}.Release|Any CPU.ActiveCfg = Release|Any CPU
		{D2022BCE-01DC-49D7-83CB-934E0C5BB77F}.Release|Any CPU.Build.0 = Release|Any CPU
		{40A1C821-8952-4BC3-AE87-C04AC1E3C956}.Debug|Any CPU.ActiveCfg = Debug|Any CPU
		{40A1C821-8952-4BC3-AE87-C04AC1E3C956}.Debug|Any CPU.Build.0 = Debug|Any CPU
		{40A1C821-8952-4BC3-AE87-C04AC1E3C956}.Release|Any CPU.ActiveCfg = Release|Any CPU
		{40A1C821-8952-4BC3-AE87-C04AC1E3C956}.Release|Any CPU.Build.0 = Release|Any CPU
	EndGlobalSection
	GlobalSection(SolutionProperties) = preSolution
		HideSolutionNode = FALSE
	EndGlobalSection
EndGlobal
